
Microsoft Visual Studio Solution File, Format Version 12.00
# Visual Studio 15
VisualStudioVersion = 15.0.28307.421
MinimumVisualStudioVersion = 10.0.40219.1
Project("{FAE04EC0-301F-11D3-BF4B-00C04F79EFBC}") = "Portem", "Portem\Portem.csproj", "{0124282E-0B87-4B05-A219-9E77BDB1D097}"
EndProject
Global
	GlobalSection(SolutionConfigurationPlatforms) = preSolution
		Debug|Any CPU = Debug|Any CPU
		Release|Any CPU = Release|Any CPU
	EndGlobalSection
	GlobalSection(ProjectConfigurationPlatforms) = postSolution
		{0124282E-0B87-4B05-A219-9E77BDB1D097}.Debug|Any CPU.ActiveCfg = Debug|Any CPU
		{0124282E-0B87-4B05-A219-9E77BDB1D097}.Debug|Any CPU.Build.0 = Debug|Any CPU
		{0124282E-0B87-4B05-A219-9E77BDB1D097}.Release|Any CPU.ActiveCfg = Release|Any CPU
		{0124282E-0B87-4B05-A219-9E77BDB1D097}.Release|Any CPU.Build.0 = Release|Any CPU
	EndGlobalSection
	GlobalSection(SolutionProperties) = preSolution
		HideSolutionNode = FALSE
	EndGlobalSection
	GlobalSection(ExtensibilityGlobals) = postSolution
		SolutionGuid = {CF813AB1-0AEF-4638-9802-C0C2CE9A9FCC}
	EndGlobalSection
EndGlobal
